{
    "_meta": {
        "hash": {
            "sha256": "232d1ed0c70e06e4dcdf021fa0a9df00ac552fa1f09a4688e796adc0f19a4f67"
        },
        "pipfile-spec": 6,
        "requires": {
            "python_version": "3.11"
        },
        "sources": [
            {
                "name": "pypi",
                "url": "https://pypi.org/simple",
                "verify_ssl": true
            }
        ]
    },
    "default": {
        "chromedriver-py": {
            "hashes": [
                "sha256:0c5d939e438297dba152642e557dbcc54d5d6c198d28e10876213b82f0ce5915",
                "sha256:5c88bab781adb1e887b01b91dc326c11e183d4b468a4a36f2ec67bab75aaabc4"
            ],
            "index": "pypi",
            "version": "==121.0.6167.85"
        }
    },
    "develop": {}
}
